
Microsoft Visual Studio Solution File, Format Version 12.00
# Visual Studio 2013
VisualStudioVersion = 12.0.31101.0
MinimumVisualStudioVersion = 10.0.40219.1
Project("{FAE04EC0-301F-11D3-BF4B-00C04F79EFBC}") = "AzureToDoSample", "AzureToDoSample\AzureToDoSample\AzureToDoSample.csproj", "{94BD56A1-94FE-47D7-99CD-E7BA62FE9F72}"
EndProject
Project("{FAE04EC0-301F-11D3-BF4B-00C04F79EFBC}") = "AzureToDoSample.iOS", "AzureToDoSample\AzureToDoSample.iOS\AzureToDoSample.iOS.csproj", "{75E39423-851A-4DD6-9B99-CF0EF8BB9CD3}"
EndProject
Project("{FAE04EC0-301F-11D3-BF4B-00C04F79EFBC}") = "AzureToDoSample.Droid", "AzureToDoSample\AzureToDoSample.Droid\AzureToDoSample.Droid.csproj", "{32D8F6EE-F94D-445F-8381-860A55D94CD2}"
EndProject
Project("{FAE04EC0-301F-11D3-BF4B-00C04F79EFBC}") = "AzureToDoSample.WinPhone", "AzureToDoSample\AzureToDoSample.WinPhone\AzureToDoSample.WinPhone.csproj", "{DD8E117E-0FF8-4A28-9CA0-2106EDDBDD10}"
EndProject
Global
	GlobalSection(SolutionConfigurationPlatforms) = preSolution
		Ad-Hoc|Any CPU = Ad-Hoc|Any CPU
		Ad-Hoc|ARM = Ad-Hoc|ARM
		Ad-Hoc|iPhone = Ad-Hoc|iPhone
		Ad-Hoc|iPhoneSimulator = Ad-Hoc|iPhoneSimulator
		Ad-Hoc|Mixed Platforms = Ad-Hoc|Mixed Platforms
		Ad-Hoc|x86 = Ad-Hoc|x86
		AppStore|Any CPU = AppStore|Any CPU
		AppStore|ARM = AppStore|ARM
		AppStore|iPhone = AppStore|iPhone
		AppStore|iPhoneSimulator = AppStore|iPhoneSimulator
		AppStore|Mixed Platforms = AppStore|Mixed Platforms
		AppStore|x86 = AppStore|x86
		Debug|Any CPU = Debug|Any CPU
		Debug|ARM = Debug|ARM
		Debug|iPhone = Debug|iPhone
		Debug|iPhoneSimulator = Debug|iPhoneSimulator
		Debug|Mixed Platforms = Debug|Mixed Platforms
		Debug|x86 = Debug|x86
		Release|Any CPU = Release|Any CPU
		Release|ARM = Release|ARM
		Release|iPhone = Release|iPhone
		Release|iPhoneSimulator = Release|iPhoneSimulator
		Release|Mixed Platforms = Release|Mixed Platforms
		Release|x86 = Release|x86
	EndGlobalSection
	GlobalSection(ProjectConfigurationPlatforms) = postSolution
		{94BD56A1-94FE-47D7-99CD-E7BA62FE9F72}.Ad-Hoc|Any CPU.ActiveCfg = Release|Any CPU
		{94BD56A1-94FE-47D7-99CD-E7BA62FE9F72}.Ad-Hoc|Any CPU.Build.0 = Release|Any CPU
		{94BD56A1-94FE-47D7-99CD-E7BA62FE9F72}.Ad-Hoc|ARM.ActiveCfg = Release|Any CPU
		{94BD56A1-94FE-47D7-99CD-E7BA62FE9F72}.Ad-Hoc|iPhone.ActiveCfg = Release|Any CPU
		{94BD56A1-94FE-47D7-99CD-E7BA62FE9F72}.Ad-Hoc|iPhoneSimulator.ActiveCfg = Release|Any CPU
		{94BD56A1-94FE-47D7-99CD-E7BA62FE9F72}.Ad-Hoc|Mixed Platforms.ActiveCfg = Release|Any CPU
		{94BD56A1-94FE-47D7-99CD-E7BA62FE9F72}.Ad-Hoc|Mixed Platforms.Build.0 = Release|Any CPU
		{94BD56A1-94FE-47D7-99CD-E7BA62FE9F72}.Ad-Hoc|x86.ActiveCfg = Release|Any CPU
		{94BD56A1-94FE-47D7-99CD-E7BA62FE9F72}.AppStore|Any CPU.ActiveCfg = Release|Any CPU
		{94BD56A1-94FE-47D7-99CD-E7BA62FE9F72}.AppStore|Any CPU.Build.0 = Release|Any CPU
		{94BD56A1-94FE-47D7-99CD-E7BA62FE9F72}.AppStore|ARM.ActiveCfg = Release|Any CPU
		{94BD56A1-94FE-47D7-99CD-E7BA62FE9F72}.AppStore|iPhone.ActiveCfg = Release|Any CPU
		{94BD56A1-94FE-47D7-99CD-E7BA62FE9F72}.AppStore|iPhoneSimulator.ActiveCfg = Release|Any CPU
		{94BD56A1-94FE-47D7-99CD-E7BA62FE9F72}.AppStore|Mixed Platforms.ActiveCfg = Release|Any CPU
		{94BD56A1-94FE-47D7-99CD-E7BA62FE9F72}.AppStore|Mixed Platforms.Build.0 = Release|Any CPU
		{94BD56A1-94FE-47D7-99CD-E7BA62FE9F72}.AppStore|x86.ActiveCfg = Release|Any CPU
		{94BD56A1-94FE-47D7-99CD-E7BA62FE9F72}.Debug|Any CPU.ActiveCfg = Debug|Any CPU
		{94BD56A1-94FE-47D7-99CD-E7BA62FE9F72}.Debug|Any CPU.Build.0 = Debug|Any CPU
		{94BD56A1-94FE-47D7-99CD-E7BA62FE9F72}.Debug|ARM.ActiveCfg = Debug|Any CPU
		{94BD56A1-94FE-47D7-99CD-E7BA62FE9F72}.Debug|iPhone.ActiveCfg = Debug|Any CPU
		{94BD56A1-94FE-47D7-99CD-E7BA62FE9F72}.Debug|iPhone.Build.0 = Debug|Any CPU
		{94BD56A1-94FE-47D7-99CD-E7BA62FE9F72}.Debug|iPhoneSimulator.ActiveCfg = Debug|Any CPU
		{94BD56A1-94FE-47D7-99CD-E7BA62FE9F72}.Debug|iPhoneSimulator.Build.0 = Debug|Any CPU
		{94BD56A1-94FE-47D7-99CD-E7BA62FE9F72}.Debug|Mixed Platforms.ActiveCfg = Debug|Any CPU
		{94BD56A1-94FE-47D7-99CD-E7BA62FE9F72}.Debug|Mixed Platforms.Build.0 = Debug|Any CPU
		{94BD56A1-94FE-47D7-99CD-E7BA62FE9F72}.Debug|x86.ActiveCfg = Debug|Any CPU
		{94BD56A1-94FE-47D7-99CD-E7BA62FE9F72}.Release|Any CPU.ActiveCfg = Release|Any CPU
		{94BD56A1-94FE-47D7-99CD-E7BA62FE9F72}.Release|Any CPU.Build.0 = Release|Any CPU
		{94BD56A1-94FE-47D7-99CD-E7BA62FE9F72}.Release|ARM.ActiveCfg = Release|Any CPU
		{94BD56A1-94FE-47D7-99CD-E7BA62FE9F72}.Release|iPhone.ActiveCfg = Release|Any CPU
		{94BD56A1-94FE-47D7-99CD-E7BA62FE9F72}.Release|iPhoneSimulator.ActiveCfg = Release|Any CPU
		{94BD56A1-94FE-47D7-99CD-E7BA62FE9F72}.Release|Mixed Platforms.ActiveCfg = Release|Any CPU
		{94BD56A1-94FE-47D7-99CD-E7BA62FE9F72}.Release|Mixed Platforms.Build.0 = Release|Any CPU
		{94BD56A1-94FE-47D7-99CD-E7BA62FE9F72}.Release|x86.ActiveCfg = Release|Any CPU
		{75E39423-851A-4DD6-9B99-CF0EF8BB9CD3}.Ad-Hoc|Any CPU.ActiveCfg = Ad-Hoc|iPhone
		{75E39423-851A-4DD6-9B99-CF0EF8BB9CD3}.Ad-Hoc|ARM.ActiveCfg = Ad-Hoc|iPhone
		{75E39423-851A-4DD6-9B99-CF0EF8BB9CD3}.Ad-Hoc|iPhone.ActiveCfg = Ad-Hoc|iPhone
		{75E39423-851A-4DD6-9B99-CF0EF8BB9CD3}.Ad-Hoc|iPhone.Build.0 = Ad-Hoc|iPhone
		{75E39423-851A-4DD6-9B99-CF0EF8BB9CD3}.Ad-Hoc|iPhoneSimulator.ActiveCfg = Ad-Hoc|iPhoneSimulator
		{75E39423-851A-4DD6-9B99-CF0EF8BB9CD3}.Ad-Hoc|iPhoneSimulator.Build.0 = Ad-Hoc|iPhoneSimulator
		{75E39423-851A-4DD6-9B99-CF0EF8BB9CD3}.Ad-Hoc|Mixed Platforms.ActiveCfg = Ad-Hoc|iPhone
		{75E39423-851A-4DD6-9B99-CF0EF8BB9CD3}.Ad-Hoc|Mixed Platforms.Build.0 = Ad-Hoc|iPhone
		{75E39423-851A-4DD6-9B99-CF0EF8BB9CD3}.Ad-Hoc|x86.ActiveCfg = Ad-Hoc|iPhone
		{75E39423-851A-4DD6-9B99-CF0EF8BB9CD3}.AppStore|Any CPU.ActiveCfg = AppStore|iPhone
		{75E39423-851A-4DD6-9B99-CF0EF8BB9CD3}.AppStore|ARM.ActiveCfg = AppStore|iPhone
		{75E39423-851A-4DD6-9B99-CF0EF8BB9CD3}.AppStore|iPhone.ActiveCfg = AppStore|iPhone
		{75E39423-851A-4DD6-9B99-CF0EF8BB9CD3}.AppStore|iPhone.Build.0 = AppStore|iPhone
		{75E39423-851A-4DD6-9B99-CF0EF8BB9CD3}.AppStore|iPhoneSimulator.ActiveCfg = AppStore|iPhoneSimulator
		{75E39423-851A-4DD6-9B99-CF0EF8BB9CD3}.AppStore|iPhoneSimulator.Build.0 = AppStore|iPhoneSimulator
		{75E39423-851A-4DD6-9B99-CF0EF8BB9CD3}.AppStore|Mixed Platforms.ActiveCfg = AppStore|iPhone
		{75E39423-851A-4DD6-9B99-CF0EF8BB9CD3}.AppStore|Mixed Platforms.Build.0 = AppStore|iPhone
		{75E39423-851A-4DD6-9B99-CF0EF8BB9CD3}.AppStore|x86.ActiveCfg = AppStore|iPhone
		{75E39423-851A-4DD6-9B99-CF0EF8BB9CD3}.Debug|Any CPU.ActiveCfg = Debug|iPhone
		{75E39423-851A-4DD6-9B99-CF0EF8BB9CD3}.Debug|ARM.ActiveCfg = Debug|iPhone
		{75E39423-851A-4DD6-9B99-CF0EF8BB9CD3}.Debug|iPhone.ActiveCfg = Debug|iPhoneSimulator
		{75E39423-851A-4DD6-9B99-CF0EF8BB9CD3}.Debug|iPhone.Build.0 = Debug|iPhoneSimulator
		{75E39423-851A-4DD6-9B99-CF0EF8BB9CD3}.Debug|iPhoneSimulator.ActiveCfg = Debug|iPhoneSimulator
		{75E39423-851A-4DD6-9B99-CF0EF8BB9CD3}.Debug|iPhoneSimulator.Build.0 = Debug|iPhoneSimulator
		{75E39423-851A-4DD6-9B99-CF0EF8BB9CD3}.Debug|Mixed Platforms.ActiveCfg = Debug|iPhone
		{75E39423-851A-4DD6-9B99-CF0EF8BB9CD3}.Debug|Mixed Platforms.Build.0 = Debug|iPhone
		{75E39423-851A-4DD6-9B99-CF0EF8BB9CD3}.Debug|x86.ActiveCfg = Debug|iPhone
		{75E39423-851A-4DD6-9B99-CF0EF8BB9CD3}.Release|Any CPU.ActiveCfg = Release|iPhone
		{75E39423-851A-4DD6-9B99-CF0EF8BB9CD3}.Release|ARM.ActiveCfg = Release|iPhone
		{75E39423-851A-4DD6-9B99-CF0EF8BB9CD3}.Release|iPhone.ActiveCfg = Release|iPhone
		{75E39423-851A-4DD6-9B99-CF0EF8BB9CD3}.Release|iPhone.Build.0 = Release|iPhone
		{75E39423-851A-4DD6-9B99-CF0EF8BB9CD3}.Release|iPhoneSimulator.ActiveCfg = Release|iPhoneSimulator
		{75E39423-851A-4DD6-9B99-CF0EF8BB9CD3}.Release|iPhoneSimulator.Build.0 = Release|iPhoneSimulator
		{75E39423-851A-4DD6-9B99-CF0EF8BB9CD3}.Release|Mixed Platforms.ActiveCfg = Release|iPhone
		{75E39423-851A-4DD6-9B99-CF0EF8BB9CD3}.Release|Mixed Platforms.Build.0 = Release|iPhone
		{75E39423-851A-4DD6-9B99-CF0EF8BB9CD3}.Release|x86.ActiveCfg = Release|iPhone
		{32D8F6EE-F94D-445F-8381-860A55D94CD2}.Ad-Hoc|Any CPU.ActiveCfg = Release|Any CPU
		{32D8F6EE-F94D-445F-8381-860A55D94CD2}.Ad-Hoc|Any CPU.Build.0 = Release|Any CPU
		{32D8F6EE-F94D-445F-8381-860A55D94CD2}.Ad-Hoc|Any CPU.Deploy.0 = Release|Any CPU
		{32D8F6EE-F94D-445F-8381-860A55D94CD2}.Ad-Hoc|ARM.ActiveCfg = Release|Any CPU
		{32D8F6EE-F94D-445F-8381-860A55D94CD2}.Ad-Hoc|iPhone.ActiveCfg = Release|Any CPU
		{32D8F6EE-F94D-445F-8381-860A55D94CD2}.Ad-Hoc|iPhoneSimulator.ActiveCfg = Release|Any CPU
		{32D8F6EE-F94D-445F-8381-860A55D94CD2}.Ad-Hoc|Mixed Platforms.ActiveCfg = Release|Any CPU
		{32D8F6EE-F94D-445F-8381-860A55D94CD2}.Ad-Hoc|Mixed Platforms.Build.0 = Release|Any CPU
		{32D8F6EE-F94D-445F-8381-860A55D94CD2}.Ad-Hoc|Mixed Platforms.Deploy.0 = Release|Any CPU
		{32D8F6EE-F94D-445F-8381-860A55D94CD2}.Ad-Hoc|x86.ActiveCfg = Release|Any CPU
		{32D8F6EE-F94D-445F-8381-860A55D94CD2}.AppStore|Any CPU.ActiveCfg = Release|Any CPU
		{32D8F6EE-F94D-445F-8381-860A55D94CD2}.AppStore|Any CPU.Build.0 = Release|Any CPU
		{32D8F6EE-F94D-445F-8381-860A55D94CD2}.AppStore|Any CPU.Deploy.0 = Release|Any CPU
		{32D8F6EE-F94D-445F-8381-860A55D94CD2}.AppStore|ARM.ActiveCfg = Release|Any CPU
		{32D8F6EE-F94D-445F-8381-860A55D94CD2}.AppStore|iPhone.ActiveCfg = Release|Any CPU
		{32D8F6EE-F94D-445F-8381-860A55D94CD2}.AppStore|iPhoneSimulator.ActiveCfg = Release|Any CPU
		{32D8F6EE-F94D-445F-8381-860A55D94CD2}.AppStore|Mixed Platforms.ActiveCfg = Release|Any CPU
		{32D8F6EE-F94D-445F-8381-860A55D94CD2}.AppStore|Mixed Platforms.Build.0 = Release|Any CPU
		{32D8F6EE-F94D-445F-8381-860A55D94CD2}.AppStore|Mixed Platforms.Deploy.0 = Release|Any CPU
		{32D8F6EE-F94D-445F-8381-860A55D94CD2}.AppStore|x86.ActiveCfg = Release|Any CPU
		{32D8F6EE-F94D-445F-8381-860A55D94CD2}.Debug|Any CPU.ActiveCfg = Debug|Any CPU
		{32D8F6EE-F94D-445F-8381-860A55D94CD2}.Debug|Any CPU.Build.0 = Debug|Any CPU
		{32D8F6EE-F94D-445F-8381-860A55D94CD2}.Debug|Any CPU.Deploy.0 = Debug|Any CPU
		{32D8F6EE-F94D-445F-8381-860A55D94CD2}.Debug|ARM.ActiveCfg = Debug|Any CPU
		{32D8F6EE-F94D-445F-8381-860A55D94CD2}.Debug|iPhone.ActiveCfg = Debug|Any CPU
		{32D8F6EE-F94D-445F-8381-860A55D94CD2}.Debug|iPhoneSimulator.ActiveCfg = Debug|Any CPU
		{32D8F6EE-F94D-445F-8381-860A55D94CD2}.Debug|Mixed Platforms.ActiveCfg = Debug|Any CPU
		{32D8F6EE-F94D-445F-8381-860A55D94CD2}.Debug|Mixed Platforms.Build.0 = Debug|Any CPU
		{32D8F6EE-F94D-445F-8381-860A55D94CD2}.Debug|Mixed Platforms.Deploy.0 = Debug|Any CPU
		{32D8F6EE-F94D-445F-8381-860A55D94CD2}.Debug|x86.ActiveCfg = Debug|Any CPU
		{32D8F6EE-F94D-445F-8381-860A55D94CD2}.Release|Any CPU.ActiveCfg = Release|Any CPU
		{32D8F6EE-F94D-445F-8381-860A55D94CD2}.Release|Any CPU.Build.0 = Release|Any CPU
		{32D8F6EE-F94D-445F-8381-860A55D94CD2}.Release|Any CPU.Deploy.0 = Release|Any CPU
		{32D8F6EE-F94D-445F-8381-860A55D94CD2}.Release|ARM.ActiveCfg = Release|Any CPU
		{32D8F6EE-F94D-445F-8381-860A55D94CD2}.Release|iPhone.ActiveCfg = Release|Any CPU
		{32D8F6EE-F94D-445F-8381-860A55D94CD2}.Release|iPhoneSimulator.ActiveCfg = Release|Any CPU
		{32D8F6EE-F94D-445F-8381-860A55D94CD2}.Release|Mixed Platforms.ActiveCfg = Release|Any CPU
		{32D8F6EE-F94D-445F-8381-860A55D94CD2}.Release|Mixed Platforms.Build.0 = Release|Any CPU
		{32D8F6EE-F94D-445F-8381-860A55D94CD2}.Release|Mixed Platforms.Deploy.0 = Release|Any CPU
		{32D8F6EE-F94D-445F-8381-860A55D94CD2}.Release|x86.ActiveCfg = Release|Any CPU
		{DD8E117E-0FF8-4A28-9CA0-2106EDDBDD10}.Ad-Hoc|Any CPU.ActiveCfg = Release|Any CPU
		{DD8E117E-0FF8-4A28-9CA0-2106EDDBDD10}.Ad-Hoc|Any CPU.Build.0 = Release|Any CPU
		{DD8E117E-0FF8-4A28-9CA0-2106EDDBDD10}.Ad-Hoc|Any CPU.Deploy.0 = Release|Any CPU
		{DD8E117E-0FF8-4A28-9CA0-2106EDDBDD10}.Ad-Hoc|ARM.ActiveCfg = Release|ARM
		{DD8E117E-0FF8-4A28-9CA0-2106EDDBDD10}.Ad-Hoc|ARM.Build.0 = Release|ARM
		{DD8E117E-0FF8-4A28-9CA0-2106EDDBDD10}.Ad-Hoc|ARM.Deploy.0 = Release|ARM
		{DD8E117E-0FF8-4A28-9CA0-2106EDDBDD10}.Ad-Hoc|iPhone.ActiveCfg = Release|Any CPU
		{DD8E117E-0FF8-4A28-9CA0-2106EDDBDD10}.Ad-Hoc|iPhoneSimulator.ActiveCfg = Release|Any CPU
		{DD8E117E-0FF8-4A28-9CA0-2106EDDBDD10}.Ad-Hoc|Mixed Platforms.ActiveCfg = Release|x86
		{DD8E117E-0FF8-4A28-9CA0-2106EDDBDD10}.Ad-Hoc|Mixed Platforms.Build.0 = Release|x86
		{DD8E117E-0FF8-4A28-9CA0-2106EDDBDD10}.Ad-Hoc|Mixed Platforms.Deploy.0 = Release|x86
		{DD8E117E-0FF8-4A28-9CA0-2106EDDBDD10}.Ad-Hoc|x86.ActiveCfg = Release|x86
		{DD8E117E-0FF8-4A28-9CA0-2106EDDBDD10}.Ad-Hoc|x86.Build.0 = Release|x86
		{DD8E117E-0FF8-4A28-9CA0-2106EDDBDD10}.Ad-Hoc|x86.Deploy.0 = Release|x86
		{DD8E117E-0FF8-4A28-9CA0-2106EDDBDD10}.AppStore|Any CPU.ActiveCfg = Release|Any CPU
		{DD8E117E-0FF8-4A28-9CA0-2106EDDBDD10}.AppStore|Any CPU.Build.0 = Release|Any CPU
		{DD8E117E-0FF8-4A28-9CA0-2106EDDBDD10}.AppStore|Any CPU.Deploy.0 = Release|Any CPU
		{DD8E117E-0FF8-4A28-9CA0-2106EDDBDD10}.AppStore|ARM.ActiveCfg = Release|ARM
		{DD8E117E-0FF8-4A28-9CA0-2106EDDBDD10}.AppStore|ARM.Build.0 = Release|ARM
		{DD8E117E-0FF8-4A28-9CA0-2106EDDBDD10}.AppStore|ARM.Deploy.0 = Release|ARM
		{DD8E117E-0FF8-4A28-9CA0-2106EDDBDD10}.AppStore|iPhone.ActiveCfg = Release|Any CPU
		{DD8E117E-0FF8-4A28-9CA0-2106EDDBDD10}.AppStore|iPhoneSimulator.ActiveCfg = Release|Any CPU
		{DD8E117E-0FF8-4A28-9CA0-2106EDDBDD10}.AppStore|Mixed Platforms.ActiveCfg = Release|x86
		{DD8E117E-0FF8-4A28-9CA0-2106EDDBDD10}.AppStore|Mixed Platforms.Build.0 = Release|x86
		{DD8E117E-0FF8-4A28-9CA0-2106EDDBDD10}.AppStore|Mixed Platforms.Deploy.0 = Release|x86
		{DD8E117E-0FF8-4A28-9CA0-2106EDDBDD10}.AppStore|x86.ActiveCfg = Release|x86
		{DD8E117E-0FF8-4A28-9CA0-2106EDDBDD10}.AppStore|x86.Build.0 = Release|x86
		{DD8E117E-0FF8-4A28-9CA0-2106EDDBDD10}.AppStore|x86.Deploy.0 = Release|x86
		{DD8E117E-0FF8-4A28-9CA0-2106EDDBDD10}.Debug|Any CPU.ActiveCfg = Debug|Any CPU
		{DD8E117E-0FF8-4A28-9CA0-2106EDDBDD10}.Debug|Any CPU.Build.0 = Debug|Any CPU
		{DD8E117E-0FF8-4A28-9CA0-2106EDDBDD10}.Debug|Any CPU.Deploy.0 = Debug|Any CPU
		{DD8E117E-0FF8-4A28-9CA0-2106EDDBDD10}.Debug|ARM.ActiveCfg = Debug|ARM
		{DD8E117E-0FF8-4A28-9CA0-2106EDDBDD10}.Debug|ARM.Build.0 = Debug|ARM
		{DD8E117E-0FF8-4A28-9CA0-2106EDDBDD10}.Debug|ARM.Deploy.0 = Debug|ARM
		{DD8E117E-0FF8-4A28-9CA0-2106EDDBDD10}.Debug|iPhone.ActiveCfg = Debug|Any CPU
		{DD8E117E-0FF8-4A28-9CA0-2106EDDBDD10}.Debug|iPhoneSimulator.ActiveCfg = Debug|Any CPU
		{DD8E117E-0FF8-4A28-9CA0-2106EDDBDD10}.Debug|Mixed Platforms.ActiveCfg = Debug|x86
		{DD8E117E-0FF8-4A28-9CA0-2106EDDBDD10}.Debug|Mixed Platforms.Build.0 = Debug|x86
		{DD8E117E-0FF8-4A28-9CA0-2106EDDBDD10}.Debug|Mixed Platforms.Deploy.0 = Debug|x86
		{DD8E117E-0FF8-4A28-9CA0-2106EDDBDD10}.Debug|x86.ActiveCfg = Debug|x86
		{DD8E117E-0FF8-4A28-9CA0-2106EDDBDD10}.Debug|x86.Build.0 = Debug|x86
		{DD8E117E-0FF8-4A28-9CA0-2106EDDBDD10}.Debug|x86.Deploy.0 = Debug|x86
		{DD8E117E-0FF8-4A28-9CA0-2106EDDBDD10}.Release|Any CPU.ActiveCfg = Release|Any CPU
		{DD8E117E-0FF8-4A28-9CA0-2106EDDBDD10}.Release|Any CPU.Build.0 = Release|Any CPU
		{DD8E117E-0FF8-4A28-9CA0-2106EDDBDD10}.Release|Any CPU.Deploy.0 = Release|Any CPU
		{DD8E117E-0FF8-4A28-9CA0-2106EDDBDD10}.Release|ARM.ActiveCfg = Release|ARM
		{DD8E117E-0FF8-4A28-9CA0-2106EDDBDD10}.Release|ARM.Build.0 = Release|ARM
		{DD8E117E-0FF8-4A28-9CA0-2106EDDBDD10}.Release|ARM.Deploy.0 = Release|ARM
		{DD8E117E-0FF8-4A28-9CA0-2106EDDBDD10}.Release|iPhone.ActiveCfg = Release|Any CPU
		{DD8E117E-0FF8-4A28-9CA0-2106EDDBDD10}.Release|iPhoneSimulator.ActiveCfg = Release|Any CPU
		{DD8E117E-0FF8-4A28-9CA0-2106EDDBDD10}.Release|Mixed Platforms.ActiveCfg = Release|x86
		{DD8E117E-0FF8-4A28-9CA0-2106EDDBDD10}.Release|Mixed Platforms.Build.0 = Release|x86
		{DD8E117E-0FF8-4A28-9CA0-2106EDDBDD10}.Release|Mixed Platforms.Deploy.0 = Release|x86
		{DD8E117E-0FF8-4A28-9CA0-2106EDDBDD10}.Release|x86.ActiveCfg = Release|x86
		{DD8E117E-0FF8-4A28-9CA0-2106EDDBDD10}.Release|x86.Build.0 = Release|x86
		{DD8E117E-0FF8-4A28-9CA0-2106EDDBDD10}.Release|x86.Deploy.0 = Release|x86
	EndGlobalSection
	GlobalSection(SolutionProperties) = preSolution
		HideSolutionNode = FALSE
	EndGlobalSection
EndGlobal
